
Microsoft Visual Studio Solution File, Format Version 12.00
# Visual Studio Version 16
VisualStudioVersion = 16.0.30804.86
MinimumVisualStudioVersion = 10.0.40219.1
Project("{9A19103F-16F7-4668-BE54-9A1E7A4F7556}") = "HSPCommandLine", "HSPCommandLine\HSPCommandLine.csproj", "{CEFE6ABE-913E-4898-860B-B297A2D15A23}"
EndProject
Project("{9A19103F-16F7-4668-BE54-9A1E7A4F7556}") = "HspcuiBase", "HspcuiBase\HspcuiBase.csproj", "{32670D3B-4DC2-47DD-8B15-DAEA4AA613C4}"
EndProject
Project("{9A19103F-16F7-4668-BE54-9A1E7A4F7556}") = "HSPC", "HSPC\HSPC.csproj", "{63122F89-3F2E-465F-AA72-5B485A036EF6}"
EndProject
Project("{2150E333-8FDC-42A3-9474-1A3956D46DE8}") = "Solution Items", "Solution Items", "{16CB3482-1F5B-4507-AF46-91AC862283C3}"
	ProjectSection(SolutionItems) = preProject
		.editorconfig = .editorconfig
		..\..\README.md = ..\..\README.md
	EndProjectSection
EndProject
Global
	GlobalSection(SolutionConfigurationPlatforms) = preSolution
		Debug|Any CPU = Debug|Any CPU
		Linux-Debug|Any CPU = Linux-Debug|Any CPU
		Linux-Release|Any CPU = Linux-Release|Any CPU
		Release|Any CPU = Release|Any CPU
	EndGlobalSection
	GlobalSection(ProjectConfigurationPlatforms) = postSolution
		{CEFE6ABE-913E-4898-860B-B297A2D15A23}.Debug|Any CPU.ActiveCfg = Debug|Any CPU
		{CEFE6ABE-913E-4898-860B-B297A2D15A23}.Debug|Any CPU.Build.0 = Debug|Any CPU
		{CEFE6ABE-913E-4898-860B-B297A2D15A23}.Linux-Debug|Any CPU.ActiveCfg = Linux-Debug|Any CPU
		{CEFE6ABE-913E-4898-860B-B297A2D15A23}.Linux-Debug|Any CPU.Build.0 = Linux-Debug|Any CPU
		{CEFE6ABE-913E-4898-860B-B297A2D15A23}.Linux-Release|Any CPU.ActiveCfg = Linux-Release|Any CPU
		{CEFE6ABE-913E-4898-860B-B297A2D15A23}.Linux-Release|Any CPU.Build.0 = Linux-Release|Any CPU
		{CEFE6ABE-913E-4898-860B-B297A2D15A23}.Release|Any CPU.ActiveCfg = Release|Any CPU
		{CEFE6ABE-913E-4898-860B-B297A2D15A23}.Release|Any CPU.Build.0 = Release|Any CPU
		{32670D3B-4DC2-47DD-8B15-DAEA4AA613C4}.Debug|Any CPU.ActiveCfg = Debug|Any CPU
		{32670D3B-4DC2-47DD-8B15-DAEA4AA613C4}.Debug|Any CPU.Build.0 = Debug|Any CPU
		{32670D3B-4DC2-47DD-8B15-DAEA4AA613C4}.Linux-Debug|Any CPU.ActiveCfg = Linux-Debug|Any CPU
		{32670D3B-4DC2-47DD-8B15-DAEA4AA613C4}.Linux-Debug|Any CPU.Build.0 = Linux-Debug|Any CPU
		{32670D3B-4DC2-47DD-8B15-DAEA4AA613C4}.Linux-Release|Any CPU.ActiveCfg = Linux-Release|Any CPU
		{32670D3B-4DC2-47DD-8B15-DAEA4AA613C4}.Linux-Release|Any CPU.Build.0 = Linux-Release|Any CPU
		{32670D3B-4DC2-47DD-8B15-DAEA4AA613C4}.Release|Any CPU.ActiveCfg = Release|Any CPU
		{32670D3B-4DC2-47DD-8B15-DAEA4AA613C4}.Release|Any CPU.Build.0 = Release|Any CPU
		{63122F89-3F2E-465F-AA72-5B485A036EF6}.Debug|Any CPU.ActiveCfg = Debug|Any CPU
		{63122F89-3F2E-465F-AA72-5B485A036EF6}.Debug|Any CPU.Build.0 = Debug|Any CPU
		{63122F89-3F2E-465F-AA72-5B485A036EF6}.Linux-Debug|Any CPU.ActiveCfg = Linux-Debug|Any CPU
		{63122F89-3F2E-465F-AA72-5B485A036EF6}.Linux-Release|Any CPU.ActiveCfg = Linux-Release|Any CPU
		{63122F89-3F2E-465F-AA72-5B485A036EF6}.Linux-Release|Any CPU.Build.0 = Linux-Release|Any CPU
		{63122F89-3F2E-465F-AA72-5B485A036EF6}.Release|Any CPU.ActiveCfg = Release|Any CPU
		{63122F89-3F2E-465F-AA72-5B485A036EF6}.Release|Any CPU.Build.0 = Release|Any CPU
	EndGlobalSection
	GlobalSection(SolutionProperties) = preSolution
		HideSolutionNode = FALSE
	EndGlobalSection
	GlobalSection(ExtensibilityGlobals) = postSolution
		SolutionGuid = {A021484F-7DF9-42B9-B2C6-F320380F39F0}
	EndGlobalSection
EndGlobal
